{
  "name": "TvT_Rattenfalle.prei_khmaoch_luong",
  "version": "0.3.6",
  "lockfileVersion": 1,
  "requires": true,
  "dependencies": {
    "grad-crows": {
      "version": "0.0.1",
      "resolved": "https://registry.npmjs.org/grad-crows/-/grad-crows-0.0.1.tgz",
      "integrity": "sha1-DQU0WZPOFb73x5rXdCbN3WhzE8A="
    },
    "grad-gpstracker": {
      "version": "0.2.0",
      "resolved": "https://registry.npmjs.org/grad-gpstracker/-/grad-gpstracker-0.2.0.tgz",
      "integrity": "sha1-CxKl2W123R1jg1GxhM4j/LneObw="
    },
    "grad-leaveNotes": {
      "version": "2.2.0",
      "resolved": "https://registry.npmjs.org/grad-leaveNotes/-/grad-leaveNotes-2.2.0.tgz",
      "integrity": "sha1-+tS0CikNAzdut20n2236iyu4JRU="
    },
    "grad-loadout": {
      "version": "4.7.2",
      "resolved": "https://registry.npmjs.org/grad-loadout/-/grad-loadout-4.7.2.tgz",
      "integrity": "sha512-vJHwAbKdXAvNVHI61tQlWVNa8DN28XImj6uBBkDd0b+S4T5i6F9gzNtgSaorN0c2uTZU3ycEQKHjWvrBXFn/zw=="
    },
    "grad-makeFire": {
      "version": "2.0.0",
      "resolved": "https://registry.npmjs.org/grad-makeFire/-/grad-makeFire-2.0.0.tgz",
      "integrity": "sha1-7P1kBpeKl+WR/voo/bPvJGew8io="
    },
    "grad-replay": {
      "version": "github:gruppe-adler/grad-replay#08e7ae91692705575d190719f1bea4cabcf00c00"
    },
    "shk_pos": {
      "version": "github:gruppe-adler/shk_pos#65c30a1e4d08ecd23cb85b0b96c7410d7c66415d"
    }
  }
}
