{
  "name": "TvT_Rattenfalle.prei_khmaoch_luong",
  "version": "0.3.5",
  "lockfileVersion": 1,
  "requires": true,
  "dependencies": {
    "grad-factions": {
      "version": "1.5.0",
      "resolved": "https://registry.npmjs.org/grad-factions/-/grad-factions-1.5.0.tgz",
      "integrity": "sha1-B3qN5Tw5TD/vJ/OSokpYM4zcIvs=",
      "requires": {
        "grad-loadout": "4.7.1"
      },
      "dependencies": {
        "grad-loadout": {
          "version": "4.7.1",
          "resolved": "https://registry.npmjs.org/grad-loadout/-/grad-loadout-4.7.1.tgz",
          "integrity": "sha512-eVMRs+6lNI7YRVa7FqyzQFEG/IUb+7BpNUqsz3aaWLka7J2xG85WiQLwR7PuUVZVZbgsWwtFerkbQCq1SXtkBw=="
        }
      }
    },
    "grad-gpstracker": {
      "version": "0.2.0",
      "resolved": "https://registry.npmjs.org/grad-gpstracker/-/grad-gpstracker-0.2.0.tgz",
      "integrity": "sha1-CxKl2W123R1jg1GxhM4j/LneObw="
    },
    "grad-leaveNotes": {
      "version": "2.2.0",
      "resolved": "https://registry.npmjs.org/grad-leaveNotes/-/grad-leaveNotes-2.2.0.tgz",
      "integrity": "sha1-+tS0CikNAzdut20n2236iyu4JRU="
    },
    "grad-makeFire": {
      "version": "2.0.0",
      "resolved": "https://registry.npmjs.org/grad-makeFire/-/grad-makeFire-2.0.0.tgz",
      "integrity": "sha1-7P1kBpeKl+WR/voo/bPvJGew8io="
    },
    "shk_pos": {
      "version": "github:gruppe-adler/shk_pos#65c30a1e4d08ecd23cb85b0b96c7410d7c66415d"
    }
  }
}
