{
  "name": "TvT_Rattenfalle.prei_khmaoch_luong",
  "version": "0.3.6",
  "lockfileVersion": 1,
  "requires": true,
  "dependencies": {
    "@gruppe-adler/replay": {
      "version": "github:gruppe-adler/grad-replay#fde172bd1d3dd9e1e3515c6dc3741898aeafce3d"
    },
    "grad-crows": {
      "version": "0.0.1",
      "resolved": "https://registry.npmjs.org/grad-crows/-/grad-crows-0.0.1.tgz",
      "integrity": "sha1-DQU0WZPOFb73x5rXdCbN3WhzE8A="
    },
    "grad-gpstracker": {
      "version": "0.2.0",
      "resolved": "https://registry.npmjs.org/grad-gpstracker/-/grad-gpstracker-0.2.0.tgz",
      "integrity": "sha1-CxKl2W123R1jg1GxhM4j/LneObw="
    },
    "grad-leaveNotes": {
      "version": "2.2.0",
      "resolved": "https://registry.npmjs.org/grad-leaveNotes/-/grad-leaveNotes-2.2.0.tgz",
      "integrity": "sha1-+tS0CikNAzdut20n2236iyu4JRU="
    },
    "grad-loadout": {
      "version": "4.8.0",
      "resolved": "https://registry.npmjs.org/grad-loadout/-/grad-loadout-4.8.0.tgz",
      "integrity": "sha512-Ti0P9HHWhaW2pPmjQF9aFt29QLPTldrtNtH0u/oT0T9hsDDS6kJ4NxakvjcKgFPV7SV5kMbAVrbT04UnZlNnoQ=="
    },
    "grad-makeFire": {
      "version": "2.0.0",
      "resolved": "https://registry.npmjs.org/grad-makeFire/-/grad-makeFire-2.0.0.tgz",
      "integrity": "sha1-7P1kBpeKl+WR/voo/bPvJGew8io="
    },
    "grad-tvtsettings": {
      "version": "0.0.2",
      "resolved": "https://registry.npmjs.org/grad-tvtsettings/-/grad-tvtsettings-0.0.2.tgz",
      "integrity": "sha512-zMH00Tq1xbkxH/2kBG6LQxyDhEp1J2E8KGaJCDPxGg3VnqjHEqPUvnV/d7AXbcfDQNhbWQx0NGhQGY2/tZdL3g=="
    },
    "shk_pos": {
      "version": "github:gruppe-adler/shk_pos#65c30a1e4d08ecd23cb85b0b96c7410d7c66415d"
    }
  }
}
